
Microsoft Visual Studio Solution File, Format Version 12.00
# Visual Studio Version 17
VisualStudioVersion = 17.14.36429.23 d17.14
MinimumVisualStudioVersion = 10.0.40219.1
Project("{FAE04EC0-301F-11D3-BF4B-00C04F79EFBC}") = "IgniteUI.Blazor.Lite", "IgniteUI.Blazor.Lite.csproj", "{00D48DDA-16B9-40B2-0F44-CB9137BFBFC1}"
EndProject
Global
	GlobalSection(SolutionConfigurationPlatforms) = preSolution
		Debug|Any CPU = Debug|Any CPU
		Release|Any CPU = Release|Any CPU
	EndGlobalSection
	GlobalSection(ProjectConfigurationPlatforms) = postSolution
		{00D48DDA-16B9-40B2-0F44-CB9137BFBFC1}.Debug|Any CPU.ActiveCfg = Debug|Any CPU
		{00D48DDA-16B9-40B2-0F44-CB9137BFBFC1}.Debug|Any CPU.Build.0 = Debug|Any CPU
		{00D48DDA-16B9-40B2-0F44-CB9137BFBFC1}.Release|Any CPU.ActiveCfg = Release|Any CPU
		{00D48DDA-16B9-40B2-0F44-CB9137BFBFC1}.Release|Any CPU.Build.0 = Release|Any CPU
	EndGlobalSection
	GlobalSection(SolutionProperties) = preSolution
		HideSolutionNode = FALSE
	EndGlobalSection
	GlobalSection(ExtensibilityGlobals) = postSolution
		SolutionGuid = {FBFD4BB8-45F8-4876-9E53-6245DB0FA00A}
	EndGlobalSection
EndGlobal
