Microsoft Visual Studio Solution File, Format Version 12.00
# Visual Studio Version 17
VisualStudioVersion = 17.0.0.0
MinimumVisualStudioVersion = 10.0.40219.1
Project("{9A19103F-16F7-4668-BE54-9A1E7A4F7556}") = "IgniteBlazorApp.1", "IgniteBlazorApp.1\IgniteBlazorApp.1.csproj", "{5B79E1E7-F8D1-42EC-AD23-24CD70BFEC20}"
EndProject
Project("{9A19103F-16F7-4668-BE54-9A1E7A4F7556}") = "IgniteBlazorApp.1.Client", "IgniteBlazorApp.1.Client\IgniteBlazorApp.1.Client.csproj", "{CD774515-3CAD-4C27-A3C2-C9CFEB887A29}"
EndProject
Global
	GlobalSection(SolutionConfigurationPlatforms) = preSolution
		Debug|Any CPU = Debug|Any CPU
		Release|Any CPU = Release|Any CPU
	EndGlobalSection
	GlobalSection(ProjectConfigurationPlatforms) = postSolution
		{5B79E1E7-F8D1-42EC-AD23-24CD70BFEC20}.Debug|Any CPU.ActiveCfg = Debug|Any CPU
		{5B79E1E7-F8D1-42EC-AD23-24CD70BFEC20}.Debug|Any CPU.Build.0 = Debug|Any CPU
		{5B79E1E7-F8D1-42EC-AD23-24CD70BFEC20}.Release|Any CPU.ActiveCfg = Release|Any CPU
		{5B79E1E7-F8D1-42EC-AD23-24CD70BFEC20}.Release|Any CPU.Build.0 = Release|Any CPU
		{CD774515-3CAD-4C27-A3C2-C9CFEB887A29}.Debug|Any CPU.ActiveCfg = Debug|Any CPU
		{CD774515-3CAD-4C27-A3C2-C9CFEB887A29}.Debug|Any CPU.Build.0 = Debug|Any CPU
		{CD774515-3CAD-4C27-A3C2-C9CFEB887A29}.Release|Any CPU.ActiveCfg = Release|Any CPU
		{CD774515-3CAD-4C27-A3C2-C9CFEB887A29}.Release|Any CPU.Build.0 = Release|Any CPU
	EndGlobalSection
	GlobalSection(SolutionProperties) = preSolution
		HideSolutionNode = FALSE
	EndGlobalSection
EndGlobal
